github.com/davecgh/go-spew v1.1.0/go.mod h1:J7Y8YcW2NihsgmVo/mv3lAwl/skON4iLHjSsI+c5H38=
github.com/davecgh/go-spew v1.1.1 h1:vj9j/u1bqnvCEfJOwUhtlOARqs3+rkHYY13jYWTU97c=
github.com/davecgh/go-spew v1.1.1/go.mod h1:J7Y8YcW2NihsgmVo/mv3lAwl/skON4iLHjSsI+c5H38=
github.com/eugenmayer/go-exec v0.0.0-20181029141239-eedf5ed226c0/go.mod h1:bOJdUiOKk07b2LnAi6ZMD60bkNRS39fIOC4RER+FBCk=
github.com/eugenmayer/go-exec v1.0.0 h1:vl/Bb8ZGzgi29MsTg87shg9gFvVCmF3ZLCubJ767z7I=
github.com/eugenmayer/go-exec v1.0.0/go.mod h1:VRW3gXcAvvkw5bn2vrOYgxOypVkjdbW0/1L1ZumABck=
github.com/eugenmayer/go-scp v0.0.0-20181030124448-3e45c32f0f00/go.mod h1:35cjeDnsyDLJg81QAhuc4zW0ImdKjc90Jpj5LEu0uiU=
github.com/eugenmayer/go-scp v1.0.0 h1:/86e1IqpuizrnMVZI0+KSawp+Ian0U9u5nKTeUFcMh4=
github.com/eugenmayer/go-scp v1.0.0/go.mod h1:QJXNMZ9jphhUKH7Tg0Yh90PWJRHZMlAtW0/bP2A1anM=
github.com/eugenmayer/go-sshclient v0.0.0-20190908070959-1e92f9869e7c/go.mod h1:jgCYktBkF1XJV6LejVur60Mda533s3M39C850nif17o=
github.com/hnakamur/go-scp v0.0.0-20190410043705-badb3bf1aae2 h1:RqiUucsye8Wz/0r+Z7J5aE3fqsVS7ZXqTVSex2+q2pc=
github.com/hnakamur/go-scp v0.0.0-20190410043705-badb3bf1aae2/go.mod h1:7KdtS5MTDKnUR+FHvW1nBKFMEIS2SF79F7U85F1/HOk=
github.com/hnakamur/go-sshd v0.0.0-20170228152141-dccc3399d26a h1:p8dbHRhXhPSwVZqk76FguLzyeCZuvCqFlaYSqXOzbyI=
github.com/hnakamur/go-sshd v0.0.0-20170228152141-dccc3399d26a/go.mod h1:R+6I3EdoV6ofbNqJsArhT9+Pnu57DxtmDJAQfxkCbGo=
github.com/kballard/go-shellquote v0.0.0-20180428030007-95032a82bc51 h1:Z9n2FFNUXsshfwJMBgNA0RU6/i7WVaAegv3PtuIHPMs=
github.com/kballard/go-shellquote v0.0.0-20180428030007-95032a82bc51/go.mod h1:CzGEWj7cYgsdH8dAjBGEr58BoE7ScuLd+fwFZ44+/x8=
github.com/kr/pty v1.1.3 h1:/Um6a/ZmD5tF7peoOJ5oN5KMQ0DrGVQSXLNwyckutPk=
github.com/kr/pty v1.1.3/go.mod h1:pFQYn66WHrOpPYNljwOMqo10TkYh1fy3cYio2l3bCsQ=
github.com/pmezard/go-difflib v1.0.0 h1:4DBwDE0NGyQoBHbLQYPwSUPoCMWR5BEzIk/f1lZbAQM=
github.com/pmezard/go-difflib v1.0.0/go.mod h1:iKH77koFhYxTK1pcRnkKkqfTogsbg7gZNVY4sRDYZ/4=
github.com/stretchr/objx v0.1.0/go.mod h1:HFkY916IF+rwdDfMAkV7OtwuqBVzrE8GR6GFx+wExME=
github.com/stretchr/testify v1.2.2/go.mod h1:a8OnRcib4nhh0OaRAV+Yts87kKdq0PP7pXfy6kDkUVs=
github.com/stretchr/testify v1.5.1 h1:nOGnQDM7FYENwehXlg/kFVnos3rEvtKTjRvOWSzb6H4=
github.com/stretchr/testify v1.5.1/go.mod h1:5W2xD1RspED5o8YsWQXVCued0rvSQ+mT+I5cxcmMvtA=
golang.org/x/crypto v0.0.0-20181029103014-dab2b1051b5d/go.mod h1:6SG95UA2DQfeDnfUPMdvaQW0Q7yPrPDi9nlGo2tz2b4=
golang.org/x/crypto v0.0.0-20190211182817-74369b46fc67/go.mod h1:6SG95UA2DQfeDnfUPMdvaQW0Q7yPrPDi9nlGo2tz2b4=
golang.org/x/crypto v0.0.0-20190308221718-c2843e01d9a2/go.mod h1:djNgcEr1/C05ACkg1iLfiJU5Ep61QUkGW8qpdssI0+w=
golang.org/x/crypto v0.0.0-20200302210943-78000ba7a073 h1:xMPOj6Pz6UipU1wXLkrtqpHbR0AVFnyPEQq/wRWz9lM=
golang.org/x/crypto v0.0.0-20200302210943-78000ba7a073/go.mod h1:LzIPMQfyMNhhGPhUkYOs5KpL4U8rLKemX1yGLhDgUto=
golang.org/x/net v0.0.0-20190404232315-eb5bcb51f2a3/go.mod h1:t9HGtf8HONx5eT2rtn7q6eTqICYqUVnKs3thJo3Qplg=
golang.org/x/sys v0.0.0-20190215142949-d0b11bdaac8a/go.mod h1:STP8DvDyc/dI5b8T5hshtkjS+E42TnysNCUPdjciGhY=
golang.org/x/sys v0.0.0-20190412213103-97732733099d/go.mod h1:h1NjWce9XRLGQEsW7wpKNCjG9DtNlClVuFLEZdDNbEs=
golang.org/x/sys v0.0.0-20200302150141-5c8b2ff67527 h1:uYVVQ9WP/Ds2ROhcaGPeIdVq0RIXVLwsHlnvJ+cT1So=
golang.org/x/sys v0.0.0-20200302150141-5c8b2ff67527/go.mod h1:h1NjWce9XRLGQEsW7wpKNCjG9DtNlClVuFLEZdDNbEs=
golang.org/x/text v0.3.0/go.mod h1:NqM8EUOU14njkJ3fqMW+pc6Ldnwhi/IjpwHt7yyuwOQ=
gopkg.in/check.v1 v0.0.0-20161208181325-20d25e280405 h1:yhCVgyC4o1eVCa2tZl7eS0r+SDo693bJlVdllGtEeKM=
gopkg.in/check.v1 v0.0.0-20161208181325-20d25e280405/go.mod h1:Co6ibVJAznAaIkqp8huTwlJQCZ016jof/cbN4VW5Yz0=
gopkg.in/yaml.v2 v2.2.2 h1:ZCJp+EgiOT7lHqUV2J862kp8Qj64Jo6az82+3Td9dZw=
gopkg.in/yaml.v2 v2.2.2/go.mod h1:hI93XBmqTisBFMUTm0b8Fm+jr3Dg1NNxqwp+5A1VGuI=
