# This file is autogenerated, do not edit; changes may be undone by the next 'dep ensure'.


[[projects]]
  branch = "master"
  digest = "1:400e113a367b511b9b09ca642ee11d9885485a93838526d697033af334a2fdde"
  name = "github.com/kballard/go-shellquote"
  packages = ["."]
  pruneopts = "UT"
  revision = "95032a82bc518f77982ea72343cc1ade730072f0"

[[projects]]
  branch = "master"
  digest = "1:9575c378407dd13217c6bbc8d285b7e912724bc4b4288595edceb7a6000ea779"
  name = "github.com/tmc/scp"
  packages = ["."]
  pruneopts = "UT"
  revision = "f7b48647feef3e30991f2ecc16b2b9a977d9a7c3"

[[projects]]
  branch = "master"
  digest = "1:1629d30466fabfd508b9aaa0267ab0913dc9f9d4fef2bb8293c1b02bd846ff7e"
  name = "golang.org/x/crypto"
  packages = [
    "curve25519",
    "ed25519",
    "ed25519/internal/edwards25519",
    "internal/chacha20",
    "internal/subtle",
    "poly1305",
    "ssh",
    "ssh/agent",
  ]
  pruneopts = "UT"
  revision = "e84da0312774c21d64ee2317962ef669b27ffb41"

[solve-meta]
  analyzer-name = "dep"
  analyzer-version = 1
  input-imports = [
    "github.com/tmc/scp",
    "golang.org/x/crypto/ssh",
    "golang.org/x/crypto/ssh/agent",
  ]
  solver-name = "gps-cdcl"
  solver-version = 1
